
Microsoft Visual Studio Solution File, Format Version 12.00
# Visual Studio 2013
VisualStudioVersion = 12.0.21005.1
MinimumVisualStudioVersion = 10.0.40219.1
Project("{FAE04EC0-301F-11D3-BF4B-00C04F79EFBC}") = "4charm", "4charm\4charm.csproj", "{C39B22F8-5238-4FD1-A864-76169663F0D9}"
EndProject
Project("{8BC9CEB8-8B4A-11D0-8D11-00A0C91BC942}") = "GIFLIB", "GIFLIB\GIFLIB.vcxproj", "{D604E239-EA62-4AFB-B81B-5227487B79F7}"
EndProject
Project("{8BC9CEB8-8B4A-11D0-8D11-00A0C91BC942}") = "GIFSurface", "GIFSurface\GIFSurface.vcxproj", "{A9050C25-EED4-41D6-8686-3E1D39892A99}"
	ProjectSection(ProjectDependencies) = postProject
		{AEC8BC04-E4FB-4FB5-86C4-91101C575723} = {AEC8BC04-E4FB-4FB5-86C4-91101C575723}
		{D604E239-EA62-4AFB-B81B-5227487B79F7} = {D604E239-EA62-4AFB-B81B-5227487B79F7}
	EndProjectSection
EndProject
Project("{8BC9CEB8-8B4A-11D0-8D11-00A0C91BC942}") = "SpriteBatch", "SpriteBatch\SpriteBatch.vcxproj", "{AEC8BC04-E4FB-4FB5-86C4-91101C575723}"
EndProject
Global
	GlobalSection(SolutionConfigurationPlatforms) = preSolution
		Debug|Any CPU = Debug|Any CPU
		Debug|ARM = Debug|ARM
		Debug|Mixed Platforms = Debug|Mixed Platforms
		Debug|Win32 = Debug|Win32
		Debug|x86 = Debug|x86
		Release|Any CPU = Release|Any CPU
		Release|ARM = Release|ARM
		Release|Mixed Platforms = Release|Mixed Platforms
		Release|Win32 = Release|Win32
		Release|x86 = Release|x86
	EndGlobalSection
	GlobalSection(ProjectConfigurationPlatforms) = postSolution
		{C39B22F8-5238-4FD1-A864-76169663F0D9}.Debug|Any CPU.ActiveCfg = Debug|Any CPU
		{C39B22F8-5238-4FD1-A864-76169663F0D9}.Debug|Any CPU.Build.0 = Debug|Any CPU
		{C39B22F8-5238-4FD1-A864-76169663F0D9}.Debug|Any CPU.Deploy.0 = Debug|Any CPU
		{C39B22F8-5238-4FD1-A864-76169663F0D9}.Debug|ARM.ActiveCfg = Debug|ARM
		{C39B22F8-5238-4FD1-A864-76169663F0D9}.Debug|ARM.Build.0 = Debug|ARM
		{C39B22F8-5238-4FD1-A864-76169663F0D9}.Debug|ARM.Deploy.0 = Debug|ARM
		{C39B22F8-5238-4FD1-A864-76169663F0D9}.Debug|Mixed Platforms.ActiveCfg = Debug|x86
		{C39B22F8-5238-4FD1-A864-76169663F0D9}.Debug|Mixed Platforms.Build.0 = Debug|x86
		{C39B22F8-5238-4FD1-A864-76169663F0D9}.Debug|Mixed Platforms.Deploy.0 = Debug|x86
		{C39B22F8-5238-4FD1-A864-76169663F0D9}.Debug|Win32.ActiveCfg = Debug|x86
		{C39B22F8-5238-4FD1-A864-76169663F0D9}.Debug|Win32.Build.0 = Debug|x86
		{C39B22F8-5238-4FD1-A864-76169663F0D9}.Debug|Win32.Deploy.0 = Debug|x86
		{C39B22F8-5238-4FD1-A864-76169663F0D9}.Debug|x86.ActiveCfg = Debug|x86
		{C39B22F8-5238-4FD1-A864-76169663F0D9}.Debug|x86.Build.0 = Debug|x86
		{C39B22F8-5238-4FD1-A864-76169663F0D9}.Debug|x86.Deploy.0 = Debug|x86
		{C39B22F8-5238-4FD1-A864-76169663F0D9}.Release|Any CPU.ActiveCfg = Release|Any CPU
		{C39B22F8-5238-4FD1-A864-76169663F0D9}.Release|Any CPU.Build.0 = Release|Any CPU
		{C39B22F8-5238-4FD1-A864-76169663F0D9}.Release|Any CPU.Deploy.0 = Release|Any CPU
		{C39B22F8-5238-4FD1-A864-76169663F0D9}.Release|ARM.ActiveCfg = Release|ARM
		{C39B22F8-5238-4FD1-A864-76169663F0D9}.Release|ARM.Build.0 = Release|ARM
		{C39B22F8-5238-4FD1-A864-76169663F0D9}.Release|ARM.Deploy.0 = Release|ARM
		{C39B22F8-5238-4FD1-A864-76169663F0D9}.Release|Mixed Platforms.ActiveCfg = Release|x86
		{C39B22F8-5238-4FD1-A864-76169663F0D9}.Release|Mixed Platforms.Build.0 = Release|x86
		{C39B22F8-5238-4FD1-A864-76169663F0D9}.Release|Mixed Platforms.Deploy.0 = Release|x86
		{C39B22F8-5238-4FD1-A864-76169663F0D9}.Release|Win32.ActiveCfg = Release|x86
		{C39B22F8-5238-4FD1-A864-76169663F0D9}.Release|Win32.Build.0 = Release|x86
		{C39B22F8-5238-4FD1-A864-76169663F0D9}.Release|Win32.Deploy.0 = Release|x86
		{C39B22F8-5238-4FD1-A864-76169663F0D9}.Release|x86.ActiveCfg = Release|x86
		{C39B22F8-5238-4FD1-A864-76169663F0D9}.Release|x86.Build.0 = Release|x86
		{C39B22F8-5238-4FD1-A864-76169663F0D9}.Release|x86.Deploy.0 = Release|x86
		{D604E239-EA62-4AFB-B81B-5227487B79F7}.Debug|Any CPU.ActiveCfg = Debug|Win32
		{D604E239-EA62-4AFB-B81B-5227487B79F7}.Debug|ARM.ActiveCfg = Debug|ARM
		{D604E239-EA62-4AFB-B81B-5227487B79F7}.Debug|ARM.Build.0 = Debug|ARM
		{D604E239-EA62-4AFB-B81B-5227487B79F7}.Debug|Mixed Platforms.ActiveCfg = Debug|Win32
		{D604E239-EA62-4AFB-B81B-5227487B79F7}.Debug|Mixed Platforms.Build.0 = Debug|Win32
		{D604E239-EA62-4AFB-B81B-5227487B79F7}.Debug|Win32.ActiveCfg = Debug|Win32
		{D604E239-EA62-4AFB-B81B-5227487B79F7}.Debug|Win32.Build.0 = Debug|Win32
		{D604E239-EA62-4AFB-B81B-5227487B79F7}.Debug|x86.ActiveCfg = Debug|Win32
		{D604E239-EA62-4AFB-B81B-5227487B79F7}.Debug|x86.Build.0 = Debug|Win32
		{D604E239-EA62-4AFB-B81B-5227487B79F7}.Release|Any CPU.ActiveCfg = Release|Win32
		{D604E239-EA62-4AFB-B81B-5227487B79F7}.Release|ARM.ActiveCfg = Release|ARM
		{D604E239-EA62-4AFB-B81B-5227487B79F7}.Release|ARM.Build.0 = Release|ARM
		{D604E239-EA62-4AFB-B81B-5227487B79F7}.Release|Mixed Platforms.ActiveCfg = Release|Win32
		{D604E239-EA62-4AFB-B81B-5227487B79F7}.Release|Mixed Platforms.Build.0 = Release|Win32
		{D604E239-EA62-4AFB-B81B-5227487B79F7}.Release|Win32.ActiveCfg = Release|Win32
		{D604E239-EA62-4AFB-B81B-5227487B79F7}.Release|Win32.Build.0 = Release|Win32
		{D604E239-EA62-4AFB-B81B-5227487B79F7}.Release|x86.ActiveCfg = Release|Win32
		{D604E239-EA62-4AFB-B81B-5227487B79F7}.Release|x86.Build.0 = Release|Win32
		{A9050C25-EED4-41D6-8686-3E1D39892A99}.Debug|Any CPU.ActiveCfg = Debug|Win32
		{A9050C25-EED4-41D6-8686-3E1D39892A99}.Debug|ARM.ActiveCfg = Debug|ARM
		{A9050C25-EED4-41D6-8686-3E1D39892A99}.Debug|ARM.Build.0 = Debug|ARM
		{A9050C25-EED4-41D6-8686-3E1D39892A99}.Debug|Mixed Platforms.ActiveCfg = Debug|Win32
		{A9050C25-EED4-41D6-8686-3E1D39892A99}.Debug|Mixed Platforms.Build.0 = Debug|Win32
		{A9050C25-EED4-41D6-8686-3E1D39892A99}.Debug|Win32.ActiveCfg = Debug|Win32
		{A9050C25-EED4-41D6-8686-3E1D39892A99}.Debug|Win32.Build.0 = Debug|Win32
		{A9050C25-EED4-41D6-8686-3E1D39892A99}.Debug|x86.ActiveCfg = Debug|Win32
		{A9050C25-EED4-41D6-8686-3E1D39892A99}.Debug|x86.Build.0 = Debug|Win32
		{A9050C25-EED4-41D6-8686-3E1D39892A99}.Release|Any CPU.ActiveCfg = Release|Win32
		{A9050C25-EED4-41D6-8686-3E1D39892A99}.Release|ARM.ActiveCfg = Release|ARM
		{A9050C25-EED4-41D6-8686-3E1D39892A99}.Release|ARM.Build.0 = Release|ARM
		{A9050C25-EED4-41D6-8686-3E1D39892A99}.Release|Mixed Platforms.ActiveCfg = Release|Win32
		{A9050C25-EED4-41D6-8686-3E1D39892A99}.Release|Mixed Platforms.Build.0 = Release|Win32
		{A9050C25-EED4-41D6-8686-3E1D39892A99}.Release|Win32.ActiveCfg = Release|Win32
		{A9050C25-EED4-41D6-8686-3E1D39892A99}.Release|Win32.Build.0 = Release|Win32
		{A9050C25-EED4-41D6-8686-3E1D39892A99}.Release|x86.ActiveCfg = Release|Win32
		{A9050C25-EED4-41D6-8686-3E1D39892A99}.Release|x86.Build.0 = Release|Win32
		{AEC8BC04-E4FB-4FB5-86C4-91101C575723}.Debug|Any CPU.ActiveCfg = Debug|Win32
		{AEC8BC04-E4FB-4FB5-86C4-91101C575723}.Debug|ARM.ActiveCfg = Debug|ARM
		{AEC8BC04-E4FB-4FB5-86C4-91101C575723}.Debug|ARM.Build.0 = Debug|ARM
		{AEC8BC04-E4FB-4FB5-86C4-91101C575723}.Debug|Mixed Platforms.ActiveCfg = Debug|Win32
		{AEC8BC04-E4FB-4FB5-86C4-91101C575723}.Debug|Mixed Platforms.Build.0 = Debug|Win32
		{AEC8BC04-E4FB-4FB5-86C4-91101C575723}.Debug|Win32.ActiveCfg = Debug|Win32
		{AEC8BC04-E4FB-4FB5-86C4-91101C575723}.Debug|Win32.Build.0 = Debug|Win32
		{AEC8BC04-E4FB-4FB5-86C4-91101C575723}.Debug|x86.ActiveCfg = Debug|Win32
		{AEC8BC04-E4FB-4FB5-86C4-91101C575723}.Debug|x86.Build.0 = Debug|Win32
		{AEC8BC04-E4FB-4FB5-86C4-91101C575723}.Release|Any CPU.ActiveCfg = Release|Win32
		{AEC8BC04-E4FB-4FB5-86C4-91101C575723}.Release|ARM.ActiveCfg = Release|ARM
		{AEC8BC04-E4FB-4FB5-86C4-91101C575723}.Release|ARM.Build.0 = Release|ARM
		{AEC8BC04-E4FB-4FB5-86C4-91101C575723}.Release|Mixed Platforms.ActiveCfg = Release|Win32
		{AEC8BC04-E4FB-4FB5-86C4-91101C575723}.Release|Mixed Platforms.Build.0 = Release|Win32
		{AEC8BC04-E4FB-4FB5-86C4-91101C575723}.Release|Win32.ActiveCfg = Release|Win32
		{AEC8BC04-E4FB-4FB5-86C4-91101C575723}.Release|Win32.Build.0 = Release|Win32
		{AEC8BC04-E4FB-4FB5-86C4-91101C575723}.Release|x86.ActiveCfg = Release|Win32
		{AEC8BC04-E4FB-4FB5-86C4-91101C575723}.Release|x86.Build.0 = Release|Win32
	EndGlobalSection
	GlobalSection(SolutionProperties) = preSolution
		HideSolutionNode = FALSE
	EndGlobalSection
EndGlobal
