Microsoft Visual Studio Solution File, Format Version 12.00
# Visual Studio 2013
VisualStudioVersion = 12.0.30501.0
MinimumVisualStudioVersion = 10.0.40219.1
Project("{FAE04EC0-301F-11D3-BF4B-00C04F79EFBC}") = "4charm", "4charm\4charm.csproj", "{C39B22F8-5238-4FD1-A864-76169663F0D9}"
EndProject
Project("{8BC9CEB8-8B4A-11D0-8D11-00A0C91BC942}") = "GIFLIB", "GIFLIB\GIFLIB.vcxproj", "{D604E239-EA62-4AFB-B81B-5227487B79F7}"
EndProject
Project("{8BC9CEB8-8B4A-11D0-8D11-00A0C91BC942}") = "SpriteBatch", "SpriteBatch\SpriteBatch.vcxproj", "{AEC8BC04-E4FB-4FB5-86C4-91101C575723}"
EndProject
Project("{8BC9CEB8-8B4A-11D0-8D11-00A0C91BC942}") = "vpx_x86", "libvpx\x86\vpx.vcxproj", "{DCE19DAF-69AC-46DB-B14A-39F0FAA5DB74}"
EndProject
Project("{8BC9CEB8-8B4A-11D0-8D11-00A0C91BC942}") = "nestegg", "nestegg\nestegg.vcxproj", "{61D1E0F8-4D0B-4258-9A52-4F8B16AAE059}"
EndProject
Project("{8BC9CEB8-8B4A-11D0-8D11-00A0C91BC942}") = "obj_int_extract", "libvpx\x86\obj_int_extract.vcxproj", "{E1360C65-D375-4335-8057-7ED99CC3F9B2}"
EndProject
Project("{8BC9CEB8-8B4A-11D0-8D11-00A0C91BC942}") = "vpx_arm", "libvpx\arm\vpx_arm.vcxproj", "{8313D291-2011-4970-9E64-50556FBFF730}"
EndProject
Project("{8BC9CEB8-8B4A-11D0-8D11-00A0C91BC942}") = "GIFSurface", "GIFSurface\GIFSurface.vcxproj", "{FCF137B1-E61C-44C0-A40A-5FBAC4DEF4DA}"
	ProjectSection(ProjectDependencies) = postProject
		{AEC8BC04-E4FB-4FB5-86C4-91101C575723} = {AEC8BC04-E4FB-4FB5-86C4-91101C575723}
		{D604E239-EA62-4AFB-B81B-5227487B79F7} = {D604E239-EA62-4AFB-B81B-5227487B79F7}
		{BD815A70-1BA3-44D6-9B35-F2AE30BBBCDC} = {BD815A70-1BA3-44D6-9B35-F2AE30BBBCDC}
		{8313D291-2011-4970-9E64-50556FBFF730} = {8313D291-2011-4970-9E64-50556FBFF730}
		{DCE19DAF-69AC-46DB-B14A-39F0FAA5DB74} = {DCE19DAF-69AC-46DB-B14A-39F0FAA5DB74}
		{61D1E0F8-4D0B-4258-9A52-4F8B16AAE059} = {61D1E0F8-4D0B-4258-9A52-4F8B16AAE059}
	EndProjectSection
EndProject
Project("{8BC9CEB8-8B4A-11D0-8D11-00A0C91BC942}") = "BeginThreadEx", "BeginThreadEx\BeginThreadEx.vcxproj", "{BD815A70-1BA3-44D6-9B35-F2AE30BBBCDC}"
EndProject
Global
	GlobalSection(SolutionConfigurationPlatforms) = preSolution
		Debug|Any CPU = Debug|Any CPU
		Debug|ARM = Debug|ARM
		Debug|Mixed Platforms = Debug|Mixed Platforms
		Debug|Win32 = Debug|Win32
		Debug|x86 = Debug|x86
		Release|Any CPU = Release|Any CPU
		Release|ARM = Release|ARM
		Release|Mixed Platforms = Release|Mixed Platforms
		Release|Win32 = Release|Win32
		Release|x86 = Release|x86
	EndGlobalSection
	GlobalSection(ProjectConfigurationPlatforms) = postSolution
		{C39B22F8-5238-4FD1-A864-76169663F0D9}.Debug|Any CPU.ActiveCfg = Debug|Any CPU
		{C39B22F8-5238-4FD1-A864-76169663F0D9}.Debug|Any CPU.Build.0 = Debug|Any CPU
		{C39B22F8-5238-4FD1-A864-76169663F0D9}.Debug|Any CPU.Deploy.0 = Debug|Any CPU
		{C39B22F8-5238-4FD1-A864-76169663F0D9}.Debug|ARM.ActiveCfg = Debug|ARM
		{C39B22F8-5238-4FD1-A864-76169663F0D9}.Debug|ARM.Build.0 = Debug|ARM
		{C39B22F8-5238-4FD1-A864-76169663F0D9}.Debug|ARM.Deploy.0 = Debug|ARM
		{C39B22F8-5238-4FD1-A864-76169663F0D9}.Debug|Mixed Platforms.ActiveCfg = Debug|x86
		{C39B22F8-5238-4FD1-A864-76169663F0D9}.Debug|Mixed Platforms.Build.0 = Debug|x86
		{C39B22F8-5238-4FD1-A864-76169663F0D9}.Debug|Mixed Platforms.Deploy.0 = Debug|x86
		{C39B22F8-5238-4FD1-A864-76169663F0D9}.Debug|Win32.ActiveCfg = Debug|x86
		{C39B22F8-5238-4FD1-A864-76169663F0D9}.Debug|Win32.Build.0 = Debug|x86
		{C39B22F8-5238-4FD1-A864-76169663F0D9}.Debug|Win32.Deploy.0 = Debug|x86
		{C39B22F8-5238-4FD1-A864-76169663F0D9}.Debug|x86.ActiveCfg = Debug|x86
		{C39B22F8-5238-4FD1-A864-76169663F0D9}.Debug|x86.Build.0 = Debug|x86
		{C39B22F8-5238-4FD1-A864-76169663F0D9}.Debug|x86.Deploy.0 = Debug|x86
		{C39B22F8-5238-4FD1-A864-76169663F0D9}.Release|Any CPU.ActiveCfg = Release|Any CPU
		{C39B22F8-5238-4FD1-A864-76169663F0D9}.Release|Any CPU.Build.0 = Release|Any CPU
		{C39B22F8-5238-4FD1-A864-76169663F0D9}.Release|Any CPU.Deploy.0 = Release|Any CPU
		{C39B22F8-5238-4FD1-A864-76169663F0D9}.Release|ARM.ActiveCfg = Release|ARM
		{C39B22F8-5238-4FD1-A864-76169663F0D9}.Release|ARM.Build.0 = Release|ARM
		{C39B22F8-5238-4FD1-A864-76169663F0D9}.Release|ARM.Deploy.0 = Release|ARM
		{C39B22F8-5238-4FD1-A864-76169663F0D9}.Release|Mixed Platforms.ActiveCfg = Release|x86
		{C39B22F8-5238-4FD1-A864-76169663F0D9}.Release|Mixed Platforms.Build.0 = Release|x86
		{C39B22F8-5238-4FD1-A864-76169663F0D9}.Release|Mixed Platforms.Deploy.0 = Release|x86
		{C39B22F8-5238-4FD1-A864-76169663F0D9}.Release|Win32.ActiveCfg = Release|x86
		{C39B22F8-5238-4FD1-A864-76169663F0D9}.Release|Win32.Build.0 = Release|x86
		{C39B22F8-5238-4FD1-A864-76169663F0D9}.Release|Win32.Deploy.0 = Release|x86
		{C39B22F8-5238-4FD1-A864-76169663F0D9}.Release|x86.ActiveCfg = Release|x86
		{C39B22F8-5238-4FD1-A864-76169663F0D9}.Release|x86.Build.0 = Release|x86
		{C39B22F8-5238-4FD1-A864-76169663F0D9}.Release|x86.Deploy.0 = Release|x86
		{D604E239-EA62-4AFB-B81B-5227487B79F7}.Debug|Any CPU.ActiveCfg = Debug|Win32
		{D604E239-EA62-4AFB-B81B-5227487B79F7}.Debug|ARM.ActiveCfg = Debug|ARM
		{D604E239-EA62-4AFB-B81B-5227487B79F7}.Debug|ARM.Build.0 = Debug|ARM
		{D604E239-EA62-4AFB-B81B-5227487B79F7}.Debug|Mixed Platforms.ActiveCfg = Debug|Win32
		{D604E239-EA62-4AFB-B81B-5227487B79F7}.Debug|Mixed Platforms.Build.0 = Debug|Win32
		{D604E239-EA62-4AFB-B81B-5227487B79F7}.Debug|Win32.ActiveCfg = Debug|Win32
		{D604E239-EA62-4AFB-B81B-5227487B79F7}.Debug|Win32.Build.0 = Debug|Win32
		{D604E239-EA62-4AFB-B81B-5227487B79F7}.Debug|x86.ActiveCfg = Debug|Win32
		{D604E239-EA62-4AFB-B81B-5227487B79F7}.Debug|x86.Build.0 = Debug|Win32
		{D604E239-EA62-4AFB-B81B-5227487B79F7}.Release|Any CPU.ActiveCfg = Release|Win32
		{D604E239-EA62-4AFB-B81B-5227487B79F7}.Release|ARM.ActiveCfg = Release|ARM
		{D604E239-EA62-4AFB-B81B-5227487B79F7}.Release|ARM.Build.0 = Release|ARM
		{D604E239-EA62-4AFB-B81B-5227487B79F7}.Release|Mixed Platforms.ActiveCfg = Release|Win32
		{D604E239-EA62-4AFB-B81B-5227487B79F7}.Release|Mixed Platforms.Build.0 = Release|Win32
		{D604E239-EA62-4AFB-B81B-5227487B79F7}.Release|Win32.ActiveCfg = Release|Win32
		{D604E239-EA62-4AFB-B81B-5227487B79F7}.Release|Win32.Build.0 = Release|Win32
		{D604E239-EA62-4AFB-B81B-5227487B79F7}.Release|x86.ActiveCfg = Release|Win32
		{D604E239-EA62-4AFB-B81B-5227487B79F7}.Release|x86.Build.0 = Release|Win32
		{AEC8BC04-E4FB-4FB5-86C4-91101C575723}.Debug|Any CPU.ActiveCfg = Debug|Win32
		{AEC8BC04-E4FB-4FB5-86C4-91101C575723}.Debug|ARM.ActiveCfg = Debug|ARM
		{AEC8BC04-E4FB-4FB5-86C4-91101C575723}.Debug|ARM.Build.0 = Debug|ARM
		{AEC8BC04-E4FB-4FB5-86C4-91101C575723}.Debug|Mixed Platforms.ActiveCfg = Debug|Win32
		{AEC8BC04-E4FB-4FB5-86C4-91101C575723}.Debug|Mixed Platforms.Build.0 = Debug|Win32
		{AEC8BC04-E4FB-4FB5-86C4-91101C575723}.Debug|Win32.ActiveCfg = Debug|Win32
		{AEC8BC04-E4FB-4FB5-86C4-91101C575723}.Debug|Win32.Build.0 = Debug|Win32
		{AEC8BC04-E4FB-4FB5-86C4-91101C575723}.Debug|x86.ActiveCfg = Debug|Win32
		{AEC8BC04-E4FB-4FB5-86C4-91101C575723}.Debug|x86.Build.0 = Debug|Win32
		{AEC8BC04-E4FB-4FB5-86C4-91101C575723}.Release|Any CPU.ActiveCfg = Release|Win32
		{AEC8BC04-E4FB-4FB5-86C4-91101C575723}.Release|ARM.ActiveCfg = Release|ARM
		{AEC8BC04-E4FB-4FB5-86C4-91101C575723}.Release|ARM.Build.0 = Release|ARM
		{AEC8BC04-E4FB-4FB5-86C4-91101C575723}.Release|Mixed Platforms.ActiveCfg = Release|Win32
		{AEC8BC04-E4FB-4FB5-86C4-91101C575723}.Release|Mixed Platforms.Build.0 = Release|Win32
		{AEC8BC04-E4FB-4FB5-86C4-91101C575723}.Release|Win32.ActiveCfg = Release|Win32
		{AEC8BC04-E4FB-4FB5-86C4-91101C575723}.Release|Win32.Build.0 = Release|Win32
		{AEC8BC04-E4FB-4FB5-86C4-91101C575723}.Release|x86.ActiveCfg = Release|Win32
		{AEC8BC04-E4FB-4FB5-86C4-91101C575723}.Release|x86.Build.0 = Release|Win32
		{DCE19DAF-69AC-46DB-B14A-39F0FAA5DB74}.Debug|Any CPU.ActiveCfg = Debug|Win32
		{DCE19DAF-69AC-46DB-B14A-39F0FAA5DB74}.Debug|ARM.ActiveCfg = Debug|Win32
		{DCE19DAF-69AC-46DB-B14A-39F0FAA5DB74}.Debug|Mixed Platforms.ActiveCfg = Debug|Win32
		{DCE19DAF-69AC-46DB-B14A-39F0FAA5DB74}.Debug|Mixed Platforms.Build.0 = Debug|Win32
		{DCE19DAF-69AC-46DB-B14A-39F0FAA5DB74}.Debug|Win32.ActiveCfg = Debug|Win32
		{DCE19DAF-69AC-46DB-B14A-39F0FAA5DB74}.Debug|Win32.Build.0 = Debug|Win32
		{DCE19DAF-69AC-46DB-B14A-39F0FAA5DB74}.Debug|x86.ActiveCfg = Debug|Win32
		{DCE19DAF-69AC-46DB-B14A-39F0FAA5DB74}.Debug|x86.Build.0 = Debug|Win32
		{DCE19DAF-69AC-46DB-B14A-39F0FAA5DB74}.Release|Any CPU.ActiveCfg = Release|Win32
		{DCE19DAF-69AC-46DB-B14A-39F0FAA5DB74}.Release|ARM.ActiveCfg = Release|Win32
		{DCE19DAF-69AC-46DB-B14A-39F0FAA5DB74}.Release|Mixed Platforms.ActiveCfg = Release|Win32
		{DCE19DAF-69AC-46DB-B14A-39F0FAA5DB74}.Release|Mixed Platforms.Build.0 = Release|Win32
		{DCE19DAF-69AC-46DB-B14A-39F0FAA5DB74}.Release|Win32.ActiveCfg = Release|Win32
		{DCE19DAF-69AC-46DB-B14A-39F0FAA5DB74}.Release|Win32.Build.0 = Release|Win32
		{DCE19DAF-69AC-46DB-B14A-39F0FAA5DB74}.Release|x86.ActiveCfg = Release|Win32
		{DCE19DAF-69AC-46DB-B14A-39F0FAA5DB74}.Release|x86.Build.0 = Release|Win32
		{61D1E0F8-4D0B-4258-9A52-4F8B16AAE059}.Debug|Any CPU.ActiveCfg = Debug|Win32
		{61D1E0F8-4D0B-4258-9A52-4F8B16AAE059}.Debug|ARM.ActiveCfg = Debug|ARM
		{61D1E0F8-4D0B-4258-9A52-4F8B16AAE059}.Debug|ARM.Build.0 = Debug|ARM
		{61D1E0F8-4D0B-4258-9A52-4F8B16AAE059}.Debug|Mixed Platforms.ActiveCfg = Debug|Win32
		{61D1E0F8-4D0B-4258-9A52-4F8B16AAE059}.Debug|Mixed Platforms.Build.0 = Debug|Win32
		{61D1E0F8-4D0B-4258-9A52-4F8B16AAE059}.Debug|Win32.ActiveCfg = Debug|Win32
		{61D1E0F8-4D0B-4258-9A52-4F8B16AAE059}.Debug|Win32.Build.0 = Debug|Win32
		{61D1E0F8-4D0B-4258-9A52-4F8B16AAE059}.Debug|x86.ActiveCfg = Debug|Win32
		{61D1E0F8-4D0B-4258-9A52-4F8B16AAE059}.Debug|x86.Build.0 = Debug|Win32
		{61D1E0F8-4D0B-4258-9A52-4F8B16AAE059}.Release|Any CPU.ActiveCfg = Release|Win32
		{61D1E0F8-4D0B-4258-9A52-4F8B16AAE059}.Release|ARM.ActiveCfg = Release|ARM
		{61D1E0F8-4D0B-4258-9A52-4F8B16AAE059}.Release|ARM.Build.0 = Release|ARM
		{61D1E0F8-4D0B-4258-9A52-4F8B16AAE059}.Release|Mixed Platforms.ActiveCfg = Release|Win32
		{61D1E0F8-4D0B-4258-9A52-4F8B16AAE059}.Release|Mixed Platforms.Build.0 = Release|Win32
		{61D1E0F8-4D0B-4258-9A52-4F8B16AAE059}.Release|Win32.ActiveCfg = Release|Win32
		{61D1E0F8-4D0B-4258-9A52-4F8B16AAE059}.Release|Win32.Build.0 = Release|Win32
		{61D1E0F8-4D0B-4258-9A52-4F8B16AAE059}.Release|x86.ActiveCfg = Release|Win32
		{61D1E0F8-4D0B-4258-9A52-4F8B16AAE059}.Release|x86.Build.0 = Release|Win32
		{E1360C65-D375-4335-8057-7ED99CC3F9B2}.Debug|Any CPU.ActiveCfg = Debug|Win32
		{E1360C65-D375-4335-8057-7ED99CC3F9B2}.Debug|ARM.ActiveCfg = Debug|Win32
		{E1360C65-D375-4335-8057-7ED99CC3F9B2}.Debug|Mixed Platforms.ActiveCfg = Debug|Win32
		{E1360C65-D375-4335-8057-7ED99CC3F9B2}.Debug|Mixed Platforms.Build.0 = Debug|Win32
		{E1360C65-D375-4335-8057-7ED99CC3F9B2}.Debug|Win32.ActiveCfg = Debug|Win32
		{E1360C65-D375-4335-8057-7ED99CC3F9B2}.Debug|Win32.Build.0 = Debug|Win32
		{E1360C65-D375-4335-8057-7ED99CC3F9B2}.Debug|x86.ActiveCfg = Debug|Win32
		{E1360C65-D375-4335-8057-7ED99CC3F9B2}.Debug|x86.Build.0 = Debug|Win32
		{E1360C65-D375-4335-8057-7ED99CC3F9B2}.Release|Any CPU.ActiveCfg = Release|Win32
		{E1360C65-D375-4335-8057-7ED99CC3F9B2}.Release|ARM.ActiveCfg = Release|Win32
		{E1360C65-D375-4335-8057-7ED99CC3F9B2}.Release|ARM.Build.0 = Release|Win32
		{E1360C65-D375-4335-8057-7ED99CC3F9B2}.Release|Mixed Platforms.ActiveCfg = Release|Win32
		{E1360C65-D375-4335-8057-7ED99CC3F9B2}.Release|Mixed Platforms.Build.0 = Release|Win32
		{E1360C65-D375-4335-8057-7ED99CC3F9B2}.Release|Win32.ActiveCfg = Release|Win32
		{E1360C65-D375-4335-8057-7ED99CC3F9B2}.Release|Win32.Build.0 = Release|Win32
		{E1360C65-D375-4335-8057-7ED99CC3F9B2}.Release|x86.ActiveCfg = Release|Win32
		{E1360C65-D375-4335-8057-7ED99CC3F9B2}.Release|x86.Build.0 = Release|Win32
		{8313D291-2011-4970-9E64-50556FBFF730}.Debug|Any CPU.ActiveCfg = Debug|ARM
		{8313D291-2011-4970-9E64-50556FBFF730}.Debug|ARM.ActiveCfg = Debug|ARM
		{8313D291-2011-4970-9E64-50556FBFF730}.Debug|ARM.Build.0 = Debug|ARM
		{8313D291-2011-4970-9E64-50556FBFF730}.Debug|Mixed Platforms.ActiveCfg = Debug|ARM
		{8313D291-2011-4970-9E64-50556FBFF730}.Debug|Mixed Platforms.Build.0 = Debug|ARM
		{8313D291-2011-4970-9E64-50556FBFF730}.Debug|Win32.ActiveCfg = Debug|ARM
		{8313D291-2011-4970-9E64-50556FBFF730}.Debug|x86.ActiveCfg = Debug|ARM
		{8313D291-2011-4970-9E64-50556FBFF730}.Release|Any CPU.ActiveCfg = Release|ARM
		{8313D291-2011-4970-9E64-50556FBFF730}.Release|ARM.ActiveCfg = Release|ARM
		{8313D291-2011-4970-9E64-50556FBFF730}.Release|ARM.Build.0 = Release|ARM
		{8313D291-2011-4970-9E64-50556FBFF730}.Release|Mixed Platforms.ActiveCfg = Release|ARM
		{8313D291-2011-4970-9E64-50556FBFF730}.Release|Mixed Platforms.Build.0 = Release|ARM
		{8313D291-2011-4970-9E64-50556FBFF730}.Release|Win32.ActiveCfg = Release|ARM
		{8313D291-2011-4970-9E64-50556FBFF730}.Release|x86.ActiveCfg = Release|ARM
		{FCF137B1-E61C-44C0-A40A-5FBAC4DEF4DA}.Debug|Any CPU.ActiveCfg = Debug|Win32
		{FCF137B1-E61C-44C0-A40A-5FBAC4DEF4DA}.Debug|ARM.ActiveCfg = Debug|ARM
		{FCF137B1-E61C-44C0-A40A-5FBAC4DEF4DA}.Debug|ARM.Build.0 = Debug|ARM
		{FCF137B1-E61C-44C0-A40A-5FBAC4DEF4DA}.Debug|Mixed Platforms.ActiveCfg = Debug|Win32
		{FCF137B1-E61C-44C0-A40A-5FBAC4DEF4DA}.Debug|Mixed Platforms.Build.0 = Debug|Win32
		{FCF137B1-E61C-44C0-A40A-5FBAC4DEF4DA}.Debug|Win32.ActiveCfg = Debug|Win32
		{FCF137B1-E61C-44C0-A40A-5FBAC4DEF4DA}.Debug|Win32.Build.0 = Debug|Win32
		{FCF137B1-E61C-44C0-A40A-5FBAC4DEF4DA}.Debug|x86.ActiveCfg = Debug|Win32
		{FCF137B1-E61C-44C0-A40A-5FBAC4DEF4DA}.Debug|x86.Build.0 = Debug|Win32
		{FCF137B1-E61C-44C0-A40A-5FBAC4DEF4DA}.Release|Any CPU.ActiveCfg = Release|Win32
		{FCF137B1-E61C-44C0-A40A-5FBAC4DEF4DA}.Release|ARM.ActiveCfg = Release|ARM
		{FCF137B1-E61C-44C0-A40A-5FBAC4DEF4DA}.Release|ARM.Build.0 = Release|ARM
		{FCF137B1-E61C-44C0-A40A-5FBAC4DEF4DA}.Release|Mixed Platforms.ActiveCfg = Release|Win32
		{FCF137B1-E61C-44C0-A40A-5FBAC4DEF4DA}.Release|Mixed Platforms.Build.0 = Release|Win32
		{FCF137B1-E61C-44C0-A40A-5FBAC4DEF4DA}.Release|Win32.ActiveCfg = Release|Win32
		{FCF137B1-E61C-44C0-A40A-5FBAC4DEF4DA}.Release|Win32.Build.0 = Release|Win32
		{FCF137B1-E61C-44C0-A40A-5FBAC4DEF4DA}.Release|x86.ActiveCfg = Release|Win32
		{FCF137B1-E61C-44C0-A40A-5FBAC4DEF4DA}.Release|x86.Build.0 = Release|Win32
		{BD815A70-1BA3-44D6-9B35-F2AE30BBBCDC}.Debug|Any CPU.ActiveCfg = Debug|Win32
		{BD815A70-1BA3-44D6-9B35-F2AE30BBBCDC}.Debug|ARM.ActiveCfg = Debug|ARM
		{BD815A70-1BA3-44D6-9B35-F2AE30BBBCDC}.Debug|ARM.Build.0 = Debug|ARM
		{BD815A70-1BA3-44D6-9B35-F2AE30BBBCDC}.Debug|Mixed Platforms.ActiveCfg = Debug|Win32
		{BD815A70-1BA3-44D6-9B35-F2AE30BBBCDC}.Debug|Mixed Platforms.Build.0 = Debug|Win32
		{BD815A70-1BA3-44D6-9B35-F2AE30BBBCDC}.Debug|Win32.ActiveCfg = Debug|Win32
		{BD815A70-1BA3-44D6-9B35-F2AE30BBBCDC}.Debug|Win32.Build.0 = Debug|Win32
		{BD815A70-1BA3-44D6-9B35-F2AE30BBBCDC}.Debug|x86.ActiveCfg = Debug|Win32
		{BD815A70-1BA3-44D6-9B35-F2AE30BBBCDC}.Debug|x86.Build.0 = Debug|Win32
		{BD815A70-1BA3-44D6-9B35-F2AE30BBBCDC}.Release|Any CPU.ActiveCfg = Release|Win32
		{BD815A70-1BA3-44D6-9B35-F2AE30BBBCDC}.Release|ARM.ActiveCfg = Release|ARM
		{BD815A70-1BA3-44D6-9B35-F2AE30BBBCDC}.Release|ARM.Build.0 = Release|ARM
		{BD815A70-1BA3-44D6-9B35-F2AE30BBBCDC}.Release|Mixed Platforms.ActiveCfg = Release|Win32
		{BD815A70-1BA3-44D6-9B35-F2AE30BBBCDC}.Release|Mixed Platforms.Build.0 = Release|Win32
		{BD815A70-1BA3-44D6-9B35-F2AE30BBBCDC}.Release|Win32.ActiveCfg = Release|Win32
		{BD815A70-1BA3-44D6-9B35-F2AE30BBBCDC}.Release|Win32.Build.0 = Release|Win32
		{BD815A70-1BA3-44D6-9B35-F2AE30BBBCDC}.Release|x86.ActiveCfg = Release|Win32
		{BD815A70-1BA3-44D6-9B35-F2AE30BBBCDC}.Release|x86.Build.0 = Release|Win32
	EndGlobalSection
	GlobalSection(SolutionProperties) = preSolution
		HideSolutionNode = FALSE
	EndGlobalSection
EndGlobal
